
Microsoft Visual Studio Solution File, Format Version 12.00
# Visual Studio Version 17
VisualStudioVersion = 17.10.35027.167
MinimumVisualStudioVersion = 10.0.40219.1
Project("{FAE04EC0-301F-11D3-BF4B-00C04F79EFBC}") = "AgentRestApi", "AgentRestApi\AgentRestApi.csproj", "{883A8835-BBE1-4EBF-8498-CF7A25905B7F}"
EndProject
Global
	GlobalSection(SolutionConfigurationPlatforms) = preSolution
		Debug|Any CPU = Debug|Any CPU
		Release|Any CPU = Release|Any CPU
	EndGlobalSection
	GlobalSection(ProjectConfigurationPlatforms) = postSolution
		{883A8835-BBE1-4EBF-8498-CF7A25905B7F}.Debug|Any CPU.ActiveCfg = Debug|Any CPU
		{883A8835-BBE1-4EBF-8498-CF7A25905B7F}.Debug|Any CPU.Build.0 = Debug|Any CPU
		{883A8835-BBE1-4EBF-8498-CF7A25905B7F}.Release|Any CPU.ActiveCfg = Release|Any CPU
		{883A8835-BBE1-4EBF-8498-CF7A25905B7F}.Release|Any CPU.Build.0 = Release|Any CPU
	EndGlobalSection
	GlobalSection(SolutionProperties) = preSolution
		HideSolutionNode = FALSE
	EndGlobalSection
	GlobalSection(ExtensibilityGlobals) = postSolution
		SolutionGuid = {792A28E9-C199-4200-A544-667E1F7B47DB}
	EndGlobalSection
EndGlobal
